// !$*UTF8*$!
{
	archiveVersion = 1;
	classes = {
	};
	objectVersion = 46;
	objects = {

/* Begin PBXBuildFile section */
		3C636F0916A20BE70079C315 /* head-bounce.gif in Resources */ = {isa = PBXBuildFile; fileRef = 3C636F0616A20BE70079C315 /* head-bounce.gif */; };
		3C636F0A16A20BE70079C315 /* wallet-blam.gif in Resources */ = {isa = PBXBuildFile; fileRef = 3C636F0716A20BE70079C315 /* wallet-blam.gif */; };
		3C636F0B16A20BE70079C315 /* cat-run.gif in Resources */ = {isa = PBXBuildFile; fileRef = 3C636F0816A20BE70079C315 /* cat-run.gif */; };
		3C636F0F16A213050079C315 /* QuartzCore.framework in Frameworks */ = {isa = PBXBuildFile; fileRef = 3C636F0D16A212FA0079C315 /* QuartzCore.framework */; };
		3C636F1116A2182B0079C315 /* Icon@2x.png in Resources */ = {isa = PBXBuildFile; fileRef = 3C636F1016A2182A0079C315 /* Icon@2x.png */; };
		3C636F9716A2F9750079C315 /* AFHTTPClient.m in Sources */ = {isa = PBXBuildFile; fileRef = 3C636F8516A2F9750079C315 /* AFHTTPClient.m */; settings = {COMPILER_FLAGS = "-fobjc-arc"; }; };
		3C636F9816A2F9750079C315 /* AFHTTPRequestOperation.m in Sources */ = {isa = PBXBuildFile; fileRef = 3C636F8716A2F9750079C315 /* AFHTTPRequestOperation.m */; settings = {COMPILER_FLAGS = "-fobjc-arc"; }; };
		3C636F9916A2F9750079C315 /* AFImageRequestOperation.m in Sources */ = {isa = PBXBuildFile; fileRef = 3C636F8916A2F9750079C315 /* AFImageRequestOperation.m */; settings = {COMPILER_FLAGS = "-fobjc-arc"; }; };
		3C636F9A16A2F9750079C315 /* AFJSONRequestOperation.m in Sources */ = {isa = PBXBuildFile; fileRef = 3C636F8B16A2F9750079C315 /* AFJSONRequestOperation.m */; settings = {COMPILER_FLAGS = "-fobjc-arc"; }; };
		3C636F9B16A2F9750079C315 /* AFNetworkActivityIndicatorManager.m in Sources */ = {isa = PBXBuildFile; fileRef = 3C636F8D16A2F9750079C315 /* AFNetworkActivityIndicatorManager.m */; settings = {COMPILER_FLAGS = "-fobjc-arc"; }; };
		3C636F9C16A2F9750079C315 /* AFPropertyListRequestOperation.m in Sources */ = {isa = PBXBuildFile; fileRef = 3C636F9016A2F9750079C315 /* AFPropertyListRequestOperation.m */; settings = {COMPILER_FLAGS = "-fobjc-arc"; }; };
		3C636F9D16A2F9750079C315 /* AFURLConnectionOperation.m in Sources */ = {isa = PBXBuildFile; fileRef = 3C636F9216A2F9750079C315 /* AFURLConnectionOperation.m */; settings = {COMPILER_FLAGS = "-fobjc-arc"; }; };
		3C636F9E16A2F9750079C315 /* AFXMLRequestOperation.m in Sources */ = {isa = PBXBuildFile; fileRef = 3C636F9416A2F9750079C315 /* AFXMLRequestOperation.m */; settings = {COMPILER_FLAGS = "-fobjc-arc"; }; };
		3C636F9F16A2F9750079C315 /* UIImageView+AFNetworking.m in Sources */ = {isa = PBXBuildFile; fileRef = 3C636F9616A2F9750079C315 /* UIImageView+AFNetworking.m */; settings = {COMPILER_FLAGS = "-fobjc-arc"; }; };
		3C636FA516A30BD70079C315 /* MobileCoreServices.framework in Frameworks */ = {isa = PBXBuildFile; fileRef = 3C636FA416A30BD70079C315 /* MobileCoreServices.framework */; };
		3C636FA716A30BEA0079C315 /* SystemConfiguration.framework in Frameworks */ = {isa = PBXBuildFile; fileRef = 3C636FA616A30BEA0079C315 /* SystemConfiguration.framework */; };
		3C636FA916A30E0E0079C315 /* Social.framework in Frameworks */ = {isa = PBXBuildFile; fileRef = 3C636FA816A30E0E0079C315 /* Social.framework */; };
		3C636FB016A3239E0079C315 /* AnimatedGif.m in Sources */ = {isa = PBXBuildFile; fileRef = 3C636FAF16A3239E0079C315 /* AnimatedGif.m */; };
		3C6BE41D16AC6DE6000FE50B /* Reachability.m in Sources */ = {isa = PBXBuildFile; fileRef = 3C6BE41C16AC6DE6000FE50B /* Reachability.m */; };
		3CBBE56D16A64A560016626F /* logo.png in Resources */ = {isa = PBXBuildFile; fileRef = 3CBBE56B16A64A560016626F /* logo.png */; };
		3CBBE56E16A64A560016626F /* logo@2x.png in Resources */ = {isa = PBXBuildFile; fileRef = 3CBBE56C16A64A560016626F /* logo@2x.png */; };
		3CCAC98016A1FDAD004B1C10 /* ImageIO.framework in Frameworks */ = {isa = PBXBuildFile; fileRef = 3CCAC97D16A1FDA2004B1C10 /* ImageIO.framework */; };
		3CD0C25216A1266B00B229A3 /* UIKit.framework in Frameworks */ = {isa = PBXBuildFile; fileRef = 3CD0C25116A1266B00B229A3 /* UIKit.framework */; };
		3CD0C25416A1266B00B229A3 /* Foundation.framework in Frameworks */ = {isa = PBXBuildFile; fileRef = 3CD0C25316A1266B00B229A3 /* Foundation.framework */; };
		3CD0C25616A1266B00B229A3 /* CoreGraphics.framework in Frameworks */ = {isa = PBXBuildFile; fileRef = 3CD0C25516A1266B00B229A3 /* CoreGraphics.framework */; };
		3CD0C25C16A1266B00B229A3 /* InfoPlist.strings in Resources */ = {isa = PBXBuildFile; fileRef = 3CD0C25A16A1266B00B229A3 /* InfoPlist.strings */; };
		3CD0C25E16A1266B00B229A3 /* main.m in Sources */ = {isa = PBXBuildFile; fileRef = 3CD0C25D16A1266B00B229A3 /* main.m */; };
		3CD0C26216A1266B00B229A3 /* ADSAppDelegate.m in Sources */ = {isa = PBXBuildFile; fileRef = 3CD0C26116A1266B00B229A3 /* ADSAppDelegate.m */; };
		3CD0C26416A1266B00B229A3 /* Default.png in Resources */ = {isa = PBXBuildFile; fileRef = 3CD0C26316A1266B00B229A3 /* Default.png */; };
		3CD0C26616A1266B00B229A3 /* Default@2x.png in Resources */ = {isa = PBXBuildFile; fileRef = 3CD0C26516A1266B00B229A3 /* Default@2x.png */; };
		3CD0C26816A1266B00B229A3 /* Default-568h@2x.png in Resources */ = {isa = PBXBuildFile; fileRef = 3CD0C26716A1266B00B229A3 /* Default-568h@2x.png */; };
		3CD0C26B16A1266B00B229A3 /* ADSRootViewController.m in Sources */ = {isa = PBXBuildFile; fileRef = 3CD0C26A16A1266B00B229A3 /* ADSRootViewController.m */; };
		3CD0C26E16A1266B00B229A3 /* ADSDataViewController.m in Sources */ = {isa = PBXBuildFile; fileRef = 3CD0C26D16A1266B00B229A3 /* ADSDataViewController.m */; };
		3CD0C27116A1266B00B229A3 /* ADSModelController.m in Sources */ = {isa = PBXBuildFile; fileRef = 3CD0C27016A1266B00B229A3 /* ADSModelController.m */; };
		3CD0C27716A1266B00B229A3 /* MainStoryboard.storyboard in Resources */ = {isa = PBXBuildFile; fileRef = 3CD0C27516A1266B00B229A3 /* MainStoryboard.storyboard */; };
		3CD83B3B16AB2F7000750E4E /* track@2x.png in Resources */ = {isa = PBXBuildFile; fileRef = 3CD83B3716AB2F7000750E4E /* track@2x.png */; };
		3CD83B3C16AB2F7000750E4E /* bar@2x.png in Resources */ = {isa = PBXBuildFile; fileRef = 3CD83B3816AB2F7000750E4E /* bar@2x.png */; };
		3CD83B3D16AB2F7000750E4E /* track.png in Resources */ = {isa = PBXBuildFile; fileRef = 3CD83B3916AB2F7000750E4E /* track.png */; };
		3CD83B3E16AB2F7000750E4E /* bar.png in Resources */ = {isa = PBXBuildFile; fileRef = 3CD83B3A16AB2F7000750E4E /* bar.png */; };
		3CEC1B3716A98EFA001A366C /* star.png in Resources */ = {isa = PBXBuildFile; fileRef = 3CEC1B3516A98EFA001A366C /* star.png */; };
		3CEC1B3816A98EFA001A366C /* star@2x.png in Resources */ = {isa = PBXBuildFile; fileRef = 3CEC1B3616A98EFA001A366C /* star@2x.png */; };
		3CEC1B3C16A98F7A001A366C /* star-off@2x.png in Resources */ = {isa = PBXBuildFile; fileRef = 3CEC1B3A16A98F7A001A366C /* star-off@2x.png */; };
		3CEC1B3D16A98F7A001A366C /* star-off.png in Resources */ = {isa = PBXBuildFile; fileRef = 3CEC1B3B16A98F7A001A366C /* star-off.png */; };
		3CEC1BC916AB1DDD001A366C /* x@2x.png in Resources */ = {isa = PBXBuildFile; fileRef = 3CEC1BC716AB1DDD001A366C /* x@2x.png */; };
		3CEC1BCA16AB1DDD001A366C /* x.png in Resources */ = {isa = PBXBuildFile; fileRef = 3CEC1BC816AB1DDD001A366C /* x.png */; };
/* End PBXBuildFile section */

/* Begin PBXFileReference section */
		3C636F0616A20BE70079C315 /* head-bounce.gif */ = {isa = PBXFileReference; lastKnownFileType = image.gif; path = "head-bounce.gif"; sourceTree = "<group>"; };
		3C636F0716A20BE70079C315 /* wallet-blam.gif */ = {isa = PBXFileReference; lastKnownFileType = image.gif; path = "wallet-blam.gif"; sourceTree = "<group>"; };
		3C636F0816A20BE70079C315 /* cat-run.gif */ = {isa = PBXFileReference; lastKnownFileType = image.gif; path = "cat-run.gif"; sourceTree = "<group>"; };
		3C636F0D16A212FA0079C315 /* QuartzCore.framework */ = {isa = PBXFileReference; lastKnownFileType = wrapper.framework; name = QuartzCore.framework; path = System/Library/Frameworks/QuartzCore.framework; sourceTree = SDKROOT; };
		3C636F1016A2182A0079C315 /* Icon@2x.png */ = {isa = PBXFileReference; lastKnownFileType = image.png; path = "Icon@2x.png"; sourceTree = "<group>"; };
		3C636F8416A2F9750079C315 /* AFHTTPClient.h */ = {isa = PBXFileReference; fileEncoding = 4; lastKnownFileType = sourcecode.c.h; name = AFHTTPClient.h; path = AFNetworking/AFHTTPClient.h; sourceTree = "<group>"; };
		3C636F8516A2F9750079C315 /* AFHTTPClient.m */ = {isa = PBXFileReference; fileEncoding = 4; lastKnownFileType = sourcecode.c.objc; name = AFHTTPClient.m; path = AFNetworking/AFHTTPClient.m; sourceTree = "<group>"; };
		3C636F8616A2F9750079C315 /* AFHTTPRequestOperation.h */ = {isa = PBXFileReference; fileEncoding = 4; lastKnownFileType = sourcecode.c.h; name = AFHTTPRequestOperation.h; path = AFNetworking/AFHTTPRequestOperation.h; sourceTree = "<group>"; };
		3C636F8716A2F9750079C315 /* AFHTTPRequestOperation.m */ = {isa = PBXFileReference; fileEncoding = 4; lastKnownFileType = sourcecode.c.objc; name = AFHTTPRequestOperation.m; path = AFNetworking/AFHTTPRequestOperation.m; sourceTree = "<group>"; };
		3C636F8816A2F9750079C315 /* AFImageRequestOperation.h */ = {isa = PBXFileReference; fileEncoding = 4; lastKnownFileType = sourcecode.c.h; name = AFImageRequestOperation.h; path = AFNetworking/AFImageRequestOperation.h; sourceTree = "<group>"; };
		3C636F8916A2F9750079C315 /* AFImageRequestOperation.m */ = {isa = PBXFileReference; fileEncoding = 4; lastKnownFileType = sourcecode.c.objc; name = AFImageRequestOperation.m; path = AFNetworking/AFImageRequestOperation.m; sourceTree = "<group>"; };
		3C636F8A16A2F9750079C315 /* AFJSONRequestOperation.h */ = {isa = PBXFileReference; fileEncoding = 4; lastKnownFileType = sourcecode.c.h; name = AFJSONRequestOperation.h; path = AFNetworking/AFJSONRequestOperation.h; sourceTree = "<group>"; };
		3C636F8B16A2F9750079C315 /* AFJSONRequestOperation.m */ = {isa = PBXFileReference; fileEncoding = 4; lastKnownFileType = sourcecode.c.objc; name = AFJSONRequestOperation.m; path = AFNetworking/AFJSONRequestOperation.m; sourceTree = "<group>"; };
		3C636F8C16A2F9750079C315 /* AFNetworkActivityIndicatorManager.h */ = {isa = PBXFileReference; fileEncoding = 4; lastKnownFileType = sourcecode.c.h; name = AFNetworkActivityIndicatorManager.h; path = AFNetworking/AFNetworkActivityIndicatorManager.h; sourceTree = "<group>"; };
		3C636F8D16A2F9750079C315 /* AFNetworkActivityIndicatorManager.m */ = {isa = PBXFileReference; fileEncoding = 4; lastKnownFileType = sourcecode.c.objc; name = AFNetworkActivityIndicatorManager.m; path = AFNetworking/AFNetworkActivityIndicatorManager.m; sourceTree = "<group>"; };
		3C636F8E16A2F9750079C315 /* AFNetworking.h */ = {isa = PBXFileReference; fileEncoding = 4; lastKnownFileType = sourcecode.c.h; name = AFNetworking.h; path = AFNetworking/AFNetworking.h; sourceTree = "<group>"; };
		3C636F8F16A2F9750079C315 /* AFPropertyListRequestOperation.h */ = {isa = PBXFileReference; fileEncoding = 4; lastKnownFileType = sourcecode.c.h; name = AFPropertyListRequestOperation.h; path = AFNetworking/AFPropertyListRequestOperation.h; sourceTree = "<group>"; };
		3C636F9016A2F9750079C315 /* AFPropertyListRequestOperation.m */ = {isa = PBXFileReference; fileEncoding = 4; lastKnownFileType = sourcecode.c.objc; name = AFPropertyListRequestOperation.m; path = AFNetworking/AFPropertyListRequestOperation.m; sourceTree = "<group>"; };
		3C636F9116A2F9750079C315 /* AFURLConnectionOperation.h */ = {isa = PBXFileReference; fileEncoding = 4; lastKnownFileType = sourcecode.c.h; name = AFURLConnectionOperation.h; path = AFNetworking/AFURLConnectionOperation.h; sourceTree = "<group>"; };
		3C636F9216A2F9750079C315 /* AFURLConnectionOperation.m */ = {isa = PBXFileReference; fileEncoding = 4; lastKnownFileType = sourcecode.c.objc; name = AFURLConnectionOperation.m; path = AFNetworking/AFURLConnectionOperation.m; sourceTree = "<group>"; };
		3C636F9316A2F9750079C315 /* AFXMLRequestOperation.h */ = {isa = PBXFileReference; fileEncoding = 4; lastKnownFileType = sourcecode.c.h; name = AFXMLRequestOperation.h; path = AFNetworking/AFXMLRequestOperation.h; sourceTree = "<group>"; };
		3C636F9416A2F9750079C315 /* AFXMLRequestOperation.m */ = {isa = PBXFileReference; fileEncoding = 4; lastKnownFileType = sourcecode.c.objc; name = AFXMLRequestOperation.m; path = AFNetworking/AFXMLRequestOperation.m; sourceTree = "<group>"; };
		3C636F9516A2F9750079C315 /* UIImageView+AFNetworking.h */ = {isa = PBXFileReference; fileEncoding = 4; lastKnownFileType = sourcecode.c.h; name = "UIImageView+AFNetworking.h"; path = "AFNetworking/UIImageView+AFNetworking.h"; sourceTree = "<group>"; };
		3C636F9616A2F9750079C315 /* UIImageView+AFNetworking.m */ = {isa = PBXFileReference; fileEncoding = 4; lastKnownFileType = sourcecode.c.objc; name = "UIImageView+AFNetworking.m"; path = "AFNetworking/UIImageView+AFNetworking.m"; sourceTree = "<group>"; };
		3C636FA416A30BD70079C315 /* MobileCoreServices.framework */ = {isa = PBXFileReference; lastKnownFileType = wrapper.framework; name = MobileCoreServices.framework; path = System/Library/Frameworks/MobileCoreServices.framework; sourceTree = SDKROOT; };
		3C636FA616A30BEA0079C315 /* SystemConfiguration.framework */ = {isa = PBXFileReference; lastKnownFileType = wrapper.framework; name = SystemConfiguration.framework; path = System/Library/Frameworks/SystemConfiguration.framework; sourceTree = SDKROOT; };
		3C636FA816A30E0E0079C315 /* Social.framework */ = {isa = PBXFileReference; lastKnownFileType = wrapper.framework; name = Social.framework; path = System/Library/Frameworks/Social.framework; sourceTree = SDKROOT; };
		3C636FAE16A3239E0079C315 /* AnimatedGif.h */ = {isa = PBXFileReference; fileEncoding = 4; lastKnownFileType = sourcecode.c.h; name = AnimatedGif.h; path = "submodules/Animated-GIF-iPhone/Classes/AnimatedGif.h"; sourceTree = "<group>"; };
		3C636FAF16A3239E0079C315 /* AnimatedGif.m */ = {isa = PBXFileReference; fileEncoding = 4; lastKnownFileType = sourcecode.c.objc; name = AnimatedGif.m; path = "submodules/Animated-GIF-iPhone/Classes/AnimatedGif.m"; sourceTree = "<group>"; };
		3C6BE41B16AC6DE6000FE50B /* Reachability.h */ = {isa = PBXFileReference; fileEncoding = 4; lastKnownFileType = sourcecode.c.h; path = Reachability.h; sourceTree = "<group>"; };
		3C6BE41C16AC6DE6000FE50B /* Reachability.m */ = {isa = PBXFileReference; fileEncoding = 4; lastKnownFileType = sourcecode.c.objc; path = Reachability.m; sourceTree = "<group>"; };
		3CBBE56B16A64A560016626F /* logo.png */ = {isa = PBXFileReference; lastKnownFileType = image.png; path = logo.png; sourceTree = "<group>"; };
		3CBBE56C16A64A560016626F /* logo@2x.png */ = {isa = PBXFileReference; lastKnownFileType = image.png; path = "logo@2x.png"; sourceTree = "<group>"; };
		3CCAC97D16A1FDA2004B1C10 /* ImageIO.framework */ = {isa = PBXFileReference; lastKnownFileType = wrapper.framework; name = ImageIO.framework; path = System/Library/Frameworks/ImageIO.framework; sourceTree = SDKROOT; };
		3CD0C24D16A1266B00B229A3 /* GifBook.app */ = {isa = PBXFileReference; explicitFileType = wrapper.application; includeInIndex = 0; path = GifBook.app; sourceTree = BUILT_PRODUCTS_DIR; };
		3CD0C25116A1266B00B229A3 /* UIKit.framework */ = {isa = PBXFileReference; lastKnownFileType = wrapper.framework; name = UIKit.framework; path = System/Library/Frameworks/UIKit.framework; sourceTree = SDKROOT; };
		3CD0C25316A1266B00B229A3 /* Foundation.framework */ = {isa = PBXFileReference; lastKnownFileType = wrapper.framework; name = Foundation.framework; path = System/Library/Frameworks/Foundation.framework; sourceTree = SDKROOT; };
		3CD0C25516A1266B00B229A3 /* CoreGraphics.framework */ = {isa = PBXFileReference; lastKnownFileType = wrapper.framework; name = CoreGraphics.framework; path = System/Library/Frameworks/CoreGraphics.framework; sourceTree = SDKROOT; };
		3CD0C25916A1266B00B229A3 /* GifBook-Info.plist */ = {isa = PBXFileReference; lastKnownFileType = text.plist.xml; path = "GifBook-Info.plist"; sourceTree = "<group>"; };
		3CD0C25B16A1266B00B229A3 /* en */ = {isa = PBXFileReference; lastKnownFileType = text.plist.strings; name = en; path = en.lproj/InfoPlist.strings; sourceTree = "<group>"; };
		3CD0C25D16A1266B00B229A3 /* main.m */ = {isa = PBXFileReference; lastKnownFileType = sourcecode.c.objc; path = main.m; sourceTree = "<group>"; };
		3CD0C25F16A1266B00B229A3 /* GifBook-Prefix.pch */ = {isa = PBXFileReference; lastKnownFileType = sourcecode.c.h; path = "GifBook-Prefix.pch"; sourceTree = "<group>"; };
		3CD0C26016A1266B00B229A3 /* ADSAppDelegate.h */ = {isa = PBXFileReference; lastKnownFileType = sourcecode.c.h; path = ADSAppDelegate.h; sourceTree = "<group>"; };
		3CD0C26116A1266B00B229A3 /* ADSAppDelegate.m */ = {isa = PBXFileReference; lastKnownFileType = sourcecode.c.objc; path = ADSAppDelegate.m; sourceTree = "<group>"; };
		3CD0C26316A1266B00B229A3 /* Default.png */ = {isa = PBXFileReference; lastKnownFileType = image.png; path = Default.png; sourceTree = "<group>"; };
		3CD0C26516A1266B00B229A3 /* Default@2x.png */ = {isa = PBXFileReference; lastKnownFileType = image.png; path = "Default@2x.png"; sourceTree = "<group>"; };
		3CD0C26716A1266B00B229A3 /* Default-568h@2x.png */ = {isa = PBXFileReference; lastKnownFileType = image.png; path = "Default-568h@2x.png"; sourceTree = "<group>"; };
		3CD0C26916A1266B00B229A3 /* ADSRootViewController.h */ = {isa = PBXFileReference; lastKnownFileType = sourcecode.c.h; path = ADSRootViewController.h; sourceTree = "<group>"; };
		3CD0C26A16A1266B00B229A3 /* ADSRootViewController.m */ = {isa = PBXFileReference; lastKnownFileType = sourcecode.c.objc; path = ADSRootViewController.m; sourceTree = "<group>"; };
		3CD0C26C16A1266B00B229A3 /* ADSDataViewController.h */ = {isa = PBXFileReference; lastKnownFileType = sourcecode.c.h; path = ADSDataViewController.h; sourceTree = "<group>"; };
		3CD0C26D16A1266B00B229A3 /* ADSDataViewController.m */ = {isa = PBXFileReference; lastKnownFileType = sourcecode.c.objc; path = ADSDataViewController.m; sourceTree = "<group>"; };
		3CD0C26F16A1266B00B229A3 /* ADSModelController.h */ = {isa = PBXFileReference; lastKnownFileType = sourcecode.c.h; path = ADSModelController.h; sourceTree = "<group>"; };
		3CD0C27016A1266B00B229A3 /* ADSModelController.m */ = {isa = PBXFileReference; lastKnownFileType = sourcecode.c.objc; path = ADSModelController.m; sourceTree = "<group>"; };
		3CD0C27616A1266B00B229A3 /* en */ = {isa = PBXFileReference; lastKnownFileType = file.storyboard; name = en; path = en.lproj/MainStoryboard.storyboard; sourceTree = "<group>"; };
		3CD83B3716AB2F7000750E4E /* track@2x.png */ = {isa = PBXFileReference; lastKnownFileType = image.png; path = "track@2x.png"; sourceTree = "<group>"; };
		3CD83B3816AB2F7000750E4E /* bar@2x.png */ = {isa = PBXFileReference; lastKnownFileType = image.png; path = "bar@2x.png"; sourceTree = "<group>"; };
		3CD83B3916AB2F7000750E4E /* track.png */ = {isa = PBXFileReference; lastKnownFileType = image.png; path = track.png; sourceTree = "<group>"; };
		3CD83B3A16AB2F7000750E4E /* bar.png */ = {isa = PBXFileReference; lastKnownFileType = image.png; path = bar.png; sourceTree = "<group>"; };
		3CEC1B3516A98EFA001A366C /* star.png */ = {isa = PBXFileReference; lastKnownFileType = image.png; path = star.png; sourceTree = "<group>"; };
		3CEC1B3616A98EFA001A366C /* star@2x.png */ = {isa = PBXFileReference; lastKnownFileType = image.png; path = "star@2x.png"; sourceTree = "<group>"; };
		3CEC1B3A16A98F7A001A366C /* star-off@2x.png */ = {isa = PBXFileReference; lastKnownFileType = image.png; path = "star-off@2x.png"; sourceTree = "<group>"; };
		3CEC1B3B16A98F7A001A366C /* star-off.png */ = {isa = PBXFileReference; lastKnownFileType = image.png; path = "star-off.png"; sourceTree = "<group>"; };
		3CEC1BC716AB1DDD001A366C /* x@2x.png */ = {isa = PBXFileReference; lastKnownFileType = image.png; path = "x@2x.png"; sourceTree = "<group>"; };
		3CEC1BC816AB1DDD001A366C /* x.png */ = {isa = PBXFileReference; lastKnownFileType = image.png; path = x.png; sourceTree = "<group>"; };
/* End PBXFileReference section */

/* Begin PBXFrameworksBuildPhase section */
		3CD0C24A16A1266B00B229A3 /* Frameworks */ = {
			isa = PBXFrameworksBuildPhase;
			buildActionMask = 2147483647;
			files = (
				3CD0C25216A1266B00B229A3 /* UIKit.framework in Frameworks */,
				3CD0C25416A1266B00B229A3 /* Foundation.framework in Frameworks */,
				3CD0C25616A1266B00B229A3 /* CoreGraphics.framework in Frameworks */,
				3CCAC98016A1FDAD004B1C10 /* ImageIO.framework in Frameworks */,
				3C636F0F16A213050079C315 /* QuartzCore.framework in Frameworks */,
				3C636FA516A30BD70079C315 /* MobileCoreServices.framework in Frameworks */,
				3C636FA716A30BEA0079C315 /* SystemConfiguration.framework in Frameworks */,
				3C636FA916A30E0E0079C315 /* Social.framework in Frameworks */,
			);
			runOnlyForDeploymentPostprocessing = 0;
		};
/* End PBXFrameworksBuildPhase section */

/* Begin PBXGroup section */
		3C636F0C16A20BEB0079C315 /* sample images */ = {
			isa = PBXGroup;
			children = (
				3C636F0616A20BE70079C315 /* head-bounce.gif */,
				3C636F0716A20BE70079C315 /* wallet-blam.gif */,
				3C636F0816A20BE70079C315 /* cat-run.gif */,
			);
			name = "sample images";
			sourceTree = "<group>";
		};
		3C636F1216A2F94F0079C315 /* AFNetworking */ = {
			isa = PBXGroup;
			children = (
				3C636F8416A2F9750079C315 /* AFHTTPClient.h */,
				3C636F8516A2F9750079C315 /* AFHTTPClient.m */,
				3C636F8616A2F9750079C315 /* AFHTTPRequestOperation.h */,
				3C636F8716A2F9750079C315 /* AFHTTPRequestOperation.m */,
				3C636F8816A2F9750079C315 /* AFImageRequestOperation.h */,
				3C636F8916A2F9750079C315 /* AFImageRequestOperation.m */,
				3C636F8A16A2F9750079C315 /* AFJSONRequestOperation.h */,
				3C636F8B16A2F9750079C315 /* AFJSONRequestOperation.m */,
				3C636F8C16A2F9750079C315 /* AFNetworkActivityIndicatorManager.h */,
				3C636F8D16A2F9750079C315 /* AFNetworkActivityIndicatorManager.m */,
				3C636F8E16A2F9750079C315 /* AFNetworking.h */,
				3C636F8F16A2F9750079C315 /* AFPropertyListRequestOperation.h */,
				3C636F9016A2F9750079C315 /* AFPropertyListRequestOperation.m */,
				3C636F9116A2F9750079C315 /* AFURLConnectionOperation.h */,
				3C636F9216A2F9750079C315 /* AFURLConnectionOperation.m */,
				3C636F9316A2F9750079C315 /* AFXMLRequestOperation.h */,
				3C636F9416A2F9750079C315 /* AFXMLRequestOperation.m */,
				3C636F9516A2F9750079C315 /* UIImageView+AFNetworking.h */,
				3C636F9616A2F9750079C315 /* UIImageView+AFNetworking.m */,
			);
			name = AFNetworking;
			path = submodules/AFNetworking;
			sourceTree = "<group>";
		};
		3C636FB116A323A20079C315 /* Animatd-GIF-IPhone */ = {
			isa = PBXGroup;
			children = (
				3C636FAE16A3239E0079C315 /* AnimatedGif.h */,
				3C636FAF16A3239E0079C315 /* AnimatedGif.m */,
			);
			name = "Animatd-GIF-IPhone";
			sourceTree = "<group>";
		};
		3C6BE41A16AC6DE6000FE50B /* Reachability */ = {
			isa = PBXGroup;
			children = (
				3C6BE41B16AC6DE6000FE50B /* Reachability.h */,
				3C6BE41C16AC6DE6000FE50B /* Reachability.m */,
			);
			path = Reachability;
			sourceTree = "<group>";
		};
		3CD0C24216A1266B00B229A3 = {
			isa = PBXGroup;
			children = (
				3CD0C25716A1266B00B229A3 /* GifBook */,
				3CD0C28116A1272700B229A3 /* Submodules */,
				3CD0C25016A1266B00B229A3 /* Frameworks */,
				3CD0C24E16A1266B00B229A3 /* Products */,
			);
			sourceTree = "<group>";
		};
		3CD0C24E16A1266B00B229A3 /* Products */ = {
			isa = PBXGroup;
			children = (
				3CD0C24D16A1266B00B229A3 /* GifBook.app */,
			);
			name = Products;
			sourceTree = "<group>";
		};
		3CD0C25016A1266B00B229A3 /* Frameworks */ = {
			isa = PBXGroup;
			children = (
				3CD0C25116A1266B00B229A3 /* UIKit.framework */,
				3CD0C25316A1266B00B229A3 /* Foundation.framework */,
				3CD0C25516A1266B00B229A3 /* CoreGraphics.framework */,
				3CCAC97D16A1FDA2004B1C10 /* ImageIO.framework */,
				3C636F0D16A212FA0079C315 /* QuartzCore.framework */,
				3C636FA416A30BD70079C315 /* MobileCoreServices.framework */,
				3C636FA616A30BEA0079C315 /* SystemConfiguration.framework */,
				3C636FA816A30E0E0079C315 /* Social.framework */,
			);
			name = Frameworks;
			sourceTree = "<group>";
		};
		3CD0C25716A1266B00B229A3 /* GifBook */ = {
			isa = PBXGroup;
			children = (
				3CD0C26016A1266B00B229A3 /* ADSAppDelegate.h */,
				3CD0C26116A1266B00B229A3 /* ADSAppDelegate.m */,
				3CD0C26916A1266B00B229A3 /* ADSRootViewController.h */,
				3CD0C26A16A1266B00B229A3 /* ADSRootViewController.m */,
				3CD0C26C16A1266B00B229A3 /* ADSDataViewController.h */,
				3CD0C26D16A1266B00B229A3 /* ADSDataViewController.m */,
				3CD0C26F16A1266B00B229A3 /* ADSModelController.h */,
				3CD0C27016A1266B00B229A3 /* ADSModelController.m */,
				3CD0C27516A1266B00B229A3 /* MainStoryboard.storyboard */,
				3C6BE41A16AC6DE6000FE50B /* Reachability */,
				3CD0C25816A1266B00B229A3 /* Supporting Files */,
			);
			path = GifBook;
			sourceTree = "<group>";
		};
		3CD0C25816A1266B00B229A3 /* Supporting Files */ = {
			isa = PBXGroup;
			children = (
				3CD0C25916A1266B00B229A3 /* GifBook-Info.plist */,
				3CD0C25A16A1266B00B229A3 /* InfoPlist.strings */,
				3CD0C25D16A1266B00B229A3 /* main.m */,
				3CD0C25F16A1266B00B229A3 /* GifBook-Prefix.pch */,
				3CD83B3716AB2F7000750E4E /* track@2x.png */,
				3CD83B3816AB2F7000750E4E /* bar@2x.png */,
				3CD83B3916AB2F7000750E4E /* track.png */,
				3CD83B3A16AB2F7000750E4E /* bar.png */,
				3CEC1B3516A98EFA001A366C /* star.png */,
				3CEC1B3616A98EFA001A366C /* star@2x.png */,
				3CEC1B3A16A98F7A001A366C /* star-off@2x.png */,
				3CEC1B3B16A98F7A001A366C /* star-off.png */,
				3C636F1016A2182A0079C315 /* Icon@2x.png */,
				3CD0C26316A1266B00B229A3 /* Default.png */,
				3CD0C26516A1266B00B229A3 /* Default@2x.png */,
				3CD0C26716A1266B00B229A3 /* Default-568h@2x.png */,
				3CBBE56B16A64A560016626F /* logo.png */,
				3CBBE56C16A64A560016626F /* logo@2x.png */,
				3CEC1BC716AB1DDD001A366C /* x@2x.png */,
				3CEC1BC816AB1DDD001A366C /* x.png */,
				3C636F0C16A20BEB0079C315 /* sample images */,
			);
			name = "Supporting Files";
			sourceTree = "<group>";
		};
		3CD0C28116A1272700B229A3 /* Submodules */ = {
			isa = PBXGroup;
			children = (
				3C636FB116A323A20079C315 /* Animatd-GIF-IPhone */,
				3C636F1216A2F94F0079C315 /* AFNetworking */,
			);
			name = Submodules;
			sourceTree = "<group>";
		};
/* End PBXGroup section */

/* Begin PBXNativeTarget section */
		3CD0C24C16A1266B00B229A3 /* GifBook */ = {
			isa = PBXNativeTarget;
			buildConfigurationList = 3CD0C27A16A1266B00B229A3 /* Build configuration list for PBXNativeTarget "GifBook" */;
			buildPhases = (
				3CD0C24916A1266B00B229A3 /* Sources */,
				3CD0C24A16A1266B00B229A3 /* Frameworks */,
				3CD0C24B16A1266B00B229A3 /* Resources */,
			);
			buildRules = (
			);
			dependencies = (
			);
			name = GifBook;
			productName = GifBook;
			productReference = 3CD0C24D16A1266B00B229A3 /* GifBook.app */;
			productType = "com.apple.product-type.application";
		};
/* End PBXNativeTarget section */

/* Begin PBXProject section */
		3CD0C24416A1266B00B229A3 /* Project object */ = {
			isa = PBXProject;
			attributes = {
				CLASSPREFIX = ADS;
				LastUpgradeCheck = 0450;
				ORGANIZATIONNAME = "Adelie Software";
			};
			buildConfigurationList = 3CD0C24716A1266B00B229A3 /* Build configuration list for PBXProject "GifBook" */;
			compatibilityVersion = "Xcode 3.2";
			developmentRegion = English;
			hasScannedForEncodings = 0;
			knownRegions = (
				en,
			);
			mainGroup = 3CD0C24216A1266B00B229A3;
			productRefGroup = 3CD0C24E16A1266B00B229A3 /* Products */;
			projectDirPath = "";
			projectRoot = "";
			targets = (
				3CD0C24C16A1266B00B229A3 /* GifBook */,
			);
		};
/* End PBXProject section */

/* Begin PBXResourcesBuildPhase section */
		3CD0C24B16A1266B00B229A3 /* Resources */ = {
			isa = PBXResourcesBuildPhase;
			buildActionMask = 2147483647;
			files = (
				3CD0C25C16A1266B00B229A3 /* InfoPlist.strings in Resources */,
				3CD0C26416A1266B00B229A3 /* Default.png in Resources */,
				3CD0C26616A1266B00B229A3 /* Default@2x.png in Resources */,
				3CD0C26816A1266B00B229A3 /* Default-568h@2x.png in Resources */,
				3CD0C27716A1266B00B229A3 /* MainStoryboard.storyboard in Resources */,
				3C636F0916A20BE70079C315 /* head-bounce.gif in Resources */,
				3C636F0A16A20BE70079C315 /* wallet-blam.gif in Resources */,
				3C636F0B16A20BE70079C315 /* cat-run.gif in Resources */,
				3C636F1116A2182B0079C315 /* Icon@2x.png in Resources */,
				3CBBE56D16A64A560016626F /* logo.png in Resources */,
				3CBBE56E16A64A560016626F /* logo@2x.png in Resources */,
				3CEC1B3716A98EFA001A366C /* star.png in Resources */,
				3CEC1B3816A98EFA001A366C /* star@2x.png in Resources */,
				3CEC1B3C16A98F7A001A366C /* star-off@2x.png in Resources */,
				3CEC1B3D16A98F7A001A366C /* star-off.png in Resources */,
				3CEC1BC916AB1DDD001A366C /* x@2x.png in Resources */,
				3CEC1BCA16AB1DDD001A366C /* x.png in Resources */,
				3CD83B3B16AB2F7000750E4E /* track@2x.png in Resources */,
				3CD83B3C16AB2F7000750E4E /* bar@2x.png in Resources */,
				3CD83B3D16AB2F7000750E4E /* track.png in Resources */,
				3CD83B3E16AB2F7000750E4E /* bar.png in Resources */,
			);
			runOnlyForDeploymentPostprocessing = 0;
		};
/* End PBXResourcesBuildPhase section */

/* Begin PBXSourcesBuildPhase section */
		3CD0C24916A1266B00B229A3 /* Sources */ = {
			isa = PBXSourcesBuildPhase;
			buildActionMask = 2147483647;
			files = (
				3CD0C25E16A1266B00B229A3 /* main.m in Sources */,
				3CD0C26216A1266B00B229A3 /* ADSAppDelegate.m in Sources */,
				3CD0C26B16A1266B00B229A3 /* ADSRootViewController.m in Sources */,
				3CD0C26E16A1266B00B229A3 /* ADSDataViewController.m in Sources */,
				3CD0C27116A1266B00B229A3 /* ADSModelController.m in Sources */,
				3C636F9716A2F9750079C315 /* AFHTTPClient.m in Sources */,
				3C636F9816A2F9750079C315 /* AFHTTPRequestOperation.m in Sources */,
				3C636F9916A2F9750079C315 /* AFImageRequestOperation.m in Sources */,
				3C636F9A16A2F9750079C315 /* AFJSONRequestOperation.m in Sources */,
				3C636F9B16A2F9750079C315 /* AFNetworkActivityIndicatorManager.m in Sources */,
				3C636F9C16A2F9750079C315 /* AFPropertyListRequestOperation.m in Sources */,
				3C636F9D16A2F9750079C315 /* AFURLConnectionOperation.m in Sources */,
				3C636F9E16A2F9750079C315 /* AFXMLRequestOperation.m in Sources */,
				3C636F9F16A2F9750079C315 /* UIImageView+AFNetworking.m in Sources */,
				3C636FB016A3239E0079C315 /* AnimatedGif.m in Sources */,
				3C6BE41D16AC6DE6000FE50B /* Reachability.m in Sources */,
			);
			runOnlyForDeploymentPostprocessing = 0;
		};
/* End PBXSourcesBuildPhase section */

/* Begin PBXVariantGroup section */
		3CD0C25A16A1266B00B229A3 /* InfoPlist.strings */ = {
			isa = PBXVariantGroup;
			children = (
				3CD0C25B16A1266B00B229A3 /* en */,
			);
			name = InfoPlist.strings;
			sourceTree = "<group>";
		};
		3CD0C27516A1266B00B229A3 /* MainStoryboard.storyboard */ = {
			isa = PBXVariantGroup;
			children = (
				3CD0C27616A1266B00B229A3 /* en */,
			);
			name = MainStoryboard.storyboard;
			sourceTree = "<group>";
		};
/* End PBXVariantGroup section */

/* Begin XCBuildConfiguration section */
		3CD0C27816A1266B00B229A3 /* Debug */ = {
			isa = XCBuildConfiguration;
			buildSettings = {
				ALWAYS_SEARCH_USER_PATHS = NO;
				CLANG_CXX_LANGUAGE_STANDARD = "gnu++0x";
				CLANG_CXX_LIBRARY = "libc++";
				CLANG_WARN_EMPTY_BODY = YES;
				CLANG_WARN__DUPLICATE_METHOD_MATCH = YES;
				"CODE_SIGN_IDENTITY[sdk=iphoneos*]" = "iPhone Developer";
				COPY_PHASE_STRIP = NO;
				GCC_C_LANGUAGE_STANDARD = gnu99;
				GCC_DYNAMIC_NO_PIC = NO;
				GCC_OPTIMIZATION_LEVEL = 0;
				GCC_PREPROCESSOR_DEFINITIONS = (
					"DEBUG=1",
					"$(inherited)",
				);
				GCC_SYMBOLS_PRIVATE_EXTERN = NO;
				GCC_WARN_ABOUT_RETURN_TYPE = YES;
				GCC_WARN_UNINITIALIZED_AUTOS = YES;
				GCC_WARN_UNUSED_VARIABLE = YES;
				IPHONEOS_DEPLOYMENT_TARGET = 6.0;
				ONLY_ACTIVE_ARCH = YES;
				SDKROOT = iphoneos;
				TARGETED_DEVICE_FAMILY = "1,2";
			};
			name = Debug;
		};
		3CD0C27916A1266B00B229A3 /* Release */ = {
			isa = XCBuildConfiguration;
			buildSettings = {
				ALWAYS_SEARCH_USER_PATHS = NO;
				CLANG_CXX_LANGUAGE_STANDARD = "gnu++0x";
				CLANG_CXX_LIBRARY = "libc++";
				CLANG_WARN_EMPTY_BODY = YES;
				CLANG_WARN__DUPLICATE_METHOD_MATCH = YES;
				"CODE_SIGN_IDENTITY[sdk=iphoneos*]" = "iPhone Distribution";
				COPY_PHASE_STRIP = YES;
				GCC_C_LANGUAGE_STANDARD = gnu99;
				GCC_WARN_ABOUT_RETURN_TYPE = YES;
				GCC_WARN_UNINITIALIZED_AUTOS = YES;
				GCC_WARN_UNUSED_VARIABLE = YES;
				IPHONEOS_DEPLOYMENT_TARGET = 6.0;
				OTHER_CFLAGS = "-DNS_BLOCK_ASSERTIONS=1";
				"PROVISIONING_PROFILE[sdk=iphoneos*]" = "";
				SDKROOT = iphoneos;
				TARGETED_DEVICE_FAMILY = "1,2";
				VALIDATE_PRODUCT = YES;
			};
			name = Release;
		};
		3CD0C27B16A1266B00B229A3 /* Debug */ = {
			isa = XCBuildConfiguration;
			buildSettings = {
				GCC_PRECOMPILE_PREFIX_HEADER = YES;
				GCC_PREFIX_HEADER = "GifBook/GifBook-Prefix.pch";
				INFOPLIST_FILE = "GifBook/GifBook-Info.plist";
				IPHONEOS_DEPLOYMENT_TARGET = 6.0;
				PRODUCT_NAME = GifBook;
				WRAPPER_EXTENSION = app;
			};
			name = Debug;
		};
		3CD0C27C16A1266B00B229A3 /* Release */ = {
			isa = XCBuildConfiguration;
			buildSettings = {
				GCC_PRECOMPILE_PREFIX_HEADER = YES;
				GCC_PREFIX_HEADER = "GifBook/GifBook-Prefix.pch";
				INFOPLIST_FILE = "GifBook/GifBook-Info.plist";
				IPHONEOS_DEPLOYMENT_TARGET = 6.0;
				PRODUCT_NAME = GifBook;
				WRAPPER_EXTENSION = app;
			};
			name = Release;
		};
/* End XCBuildConfiguration section */

/* Begin XCConfigurationList section */
		3CD0C24716A1266B00B229A3 /* Build configuration list for PBXProject "GifBook" */ = {
			isa = XCConfigurationList;
			buildConfigurations = (
				3CD0C27816A1266B00B229A3 /* Debug */,
				3CD0C27916A1266B00B229A3 /* Release */,
			);
			defaultConfigurationIsVisible = 0;
			defaultConfigurationName = Release;
		};
		3CD0C27A16A1266B00B229A3 /* Build configuration list for PBXNativeTarget "GifBook" */ = {
			isa = XCConfigurationList;
			buildConfigurations = (
				3CD0C27B16A1266B00B229A3 /* Debug */,
				3CD0C27C16A1266B00B229A3 /* Release */,
			);
			defaultConfigurationIsVisible = 0;
			defaultConfigurationName = Release;
		};
/* End XCConfigurationList section */
	};
	rootObject = 3CD0C24416A1266B00B229A3 /* Project object */;
}
